<?xml version="1.0" encoding="utf-8"?>
<Project ToolsVersion="4.0" xmlns="http://schemas.microsoft.com/developer/msbuild/2003">
  <ItemGroup>
    <Filter Include="Исходные файлы">
      <UniqueIdentifier>{4FC737F1-C7A5-4376-A066-2A32D752A2FF}</UniqueIdentifier>
      <Extensions>cpp;c;cc;cxx;def;odl;idl;hpj;bat;asm;asmx</Extensions>
    </Filter>
    <Filter Include="Файлы заголовков">
      <UniqueIdentifier>{93995380-89BD-4b04-88EB-625FBE52EBFB}</UniqueIdentifier>
      <Extensions>h;hh;hpp;hxx;hm;inl;inc;ipp;xsd</Extensions>
    </Filter>
    <Filter Include="Файлы ресурсов">
      <UniqueIdentifier>{67DA6AB6-F800-4c08-8B7A-83BB121AAD01}</UniqueIdentifier>
      <Extensions>rc;ico;cur;bmp;dlg;rc2;rct;bin;rgs;gif;jpg;jpeg;jpe;resx;tiff;tif;png;wav;mfcribbon-ms</Extensions>
    </Filter>
  </ItemGroup>
  <ItemGroup>
    <ClCompile Include="prodDBbackup.c">
      <Filter>Исходные файлы</Filter>
    </ClCompile>
    <ClCompile Include="parseCmdLine.c">
      <Filter>Исходные файлы</Filter>
    </ClCompile>
    <ClCompile Include="OraFunctions.c">
      <Filter>Исходные файлы</Filter>
    </ClCompile>
    <ClCompile Include="StringConvert.c">
      <Filter>Исходные файлы</Filter>
    </ClCompile>
    <ClCompile Include="threadFunctions.c">
      <Filter>Исходные файлы</Filter>
    </ClCompile>
    <ClCompile Include="adler32.c">
      <Filter>Исходные файлы</Filter>
    </ClCompile>
    <ClCompile Include="crc32.c">
      <Filter>Исходные файлы</Filter>
    </ClCompile>
    <ClCompile Include="deflate.c">
      <Filter>Исходные файлы</Filter>
    </ClCompile>
    <ClCompile Include="ioapi.c">
      <Filter>Исходные файлы</Filter>
    </ClCompile>
    <ClCompile Include="iowin32.c">
      <Filter>Исходные файлы</Filter>
    </ClCompile>
    <ClCompile Include="trees.c">
      <Filter>Исходные файлы</Filter>
    </ClCompile>
    <ClCompile Include="zip.c">
      <Filter>Исходные файлы</Filter>
    </ClCompile>
    <ClCompile Include="zutil.c">
      <Filter>Исходные файлы</Filter>
    </ClCompile>
  </ItemGroup>
  <ItemGroup>
    <ClInclude Include="oci.h">
      <Filter>Файлы заголовков</Filter>
    </ClInclude>
    <ClInclude Include="ocidem.h">
      <Filter>Файлы заголовков</Filter>
    </ClInclude>
    <ClInclude Include="ocidfn.h">
      <Filter>Файлы заголовков</Filter>
    </ClInclude>
    <ClInclude Include="ocikpr.h">
      <Filter>Файлы заголовков</Filter>
    </ClInclude>
    <ClInclude Include="ocipfndfn.h">
      <Filter>Файлы заголовков</Filter>
    </ClInclude>
    <ClInclude Include="oratypes.h">
      <Filter>Файлы заголовков</Filter>
    </ClInclude>
    <ClInclude Include="orl.h">
      <Filter>Файлы заголовков</Filter>
    </ClInclude>
    <ClInclude Include="OraFunctions.h">
      <Filter>Файлы заголовков</Filter>
    </ClInclude>
    <ClInclude Include="StringConvert.h">
      <Filter>Файлы заголовков</Filter>
    </ClInclude>
    <ClInclude Include="threadFunctions.h">
      <Filter>Файлы заголовков</Filter>
    </ClInclude>
    <ClInclude Include="crc32.h">
      <Filter>Файлы заголовков</Filter>
    </ClInclude>
    <ClInclude Include="crypt.h">
      <Filter>Файлы заголовков</Filter>
    </ClInclude>
    <ClInclude Include="deflate.h">
      <Filter>Файлы заголовков</Filter>
    </ClInclude>
    <ClInclude Include="gzguts.h">
      <Filter>Файлы заголовков</Filter>
    </ClInclude>
    <ClInclude Include="ioapi.h">
      <Filter>Файлы заголовков</Filter>
    </ClInclude>
    <ClInclude Include="iowin32.h">
      <Filter>Файлы заголовков</Filter>
    </ClInclude>
    <ClInclude Include="trees.h">
      <Filter>Файлы заголовков</Filter>
    </ClInclude>
    <ClInclude Include="zconf.h">
      <Filter>Файлы заголовков</Filter>
    </ClInclude>
    <ClInclude Include="zip.h">
      <Filter>Файлы заголовков</Filter>
    </ClInclude>
    <ClInclude Include="zlib.h">
      <Filter>Файлы заголовков</Filter>
    </ClInclude>
    <ClInclude Include="zutil.h">
      <Filter>Файлы заголовков</Filter>
    </ClInclude>
  </ItemGroup>
</Project>